<?xml version="1.0" encoding="utf-8"?>
<Project ToolsVersion="17.0" xmlns="http://schemas.microsoft.com/developer/msbuild/2003">
  <ItemGroup>
    <ClCompile Include="C:\Users\barte\Desktop\VoltaRewritten\include\lua-5.4.7\src\lua.c">
      <Filter>Source Files</Filter>
    </ClCompile>
  </ItemGroup>
  <ItemGroup>
    <CustomBuild Include="C:\Users\barte\Desktop\VoltaRewritten\include\lua-5.4.7\CMakeLists.txt" />
  </ItemGroup>
  <ItemGroup>
    <Filter Include="Source Files">
      <UniqueIdentifier>{16CCB492-2BBF-3D48-9B5B-5AB680B6AF89}</UniqueIdentifier>
    </Filter>
  </ItemGroup>
</Project>
